// !$*UTF8*$!
{
	archiveVersion = 1;
	classes = {
	};
	objectVersion = 48;
	objects = {

/* Begin PBXBuildFile section */
		A00915ED20403FED00EF7BC6 /* NewsArticleDetailsViewController.swift in Sources */ = {isa = PBXBuildFile; fileRef = A00915EC20403FED00EF7BC6 /* NewsArticleDetailsViewController.swift */; };
		A04ED19B203E62AE008540FD /* AppDelegate.swift in Sources */ = {isa = PBXBuildFile; fileRef = A04ED19A203E62AE008540FD /* AppDelegate.swift */; };
		A04ED19D203E62AE008540FD /* ViewController.swift in Sources */ = {isa = PBXBuildFile; fileRef = A04ED19C203E62AE008540FD /* ViewController.swift */; };
		A04ED1A0203E62AE008540FD /* Main.storyboard in Resources */ = {isa = PBXBuildFile; fileRef = A04ED19E203E62AE008540FD /* Main.storyboard */; };
		A04ED1A2203E62AE008540FD /* Assets.xcassets in Resources */ = {isa = PBXBuildFile; fileRef = A04ED1A1203E62AE008540FD /* Assets.xcassets */; };
		A04ED1A5203E62AE008540FD /* LaunchScreen.storyboard in Resources */ = {isa = PBXBuildFile; fileRef = A04ED1A3203E62AE008540FD /* LaunchScreen.storyboard */; };
		A060A61420440A4200BD756C /* NewsArticleCell.swift in Sources */ = {isa = PBXBuildFile; fileRef = A060A61320440A4200BD756C /* NewsArticleCell.swift */; };
		A060A61620444B7E00BD756C /* CustomImageView.swift in Sources */ = {isa = PBXBuildFile; fileRef = A060A61520444B7E00BD756C /* CustomImageView.swift */; };
		A09497B4204C5FE4003BFA3F /* Realm.framework in Frameworks */ = {isa = PBXBuildFile; fileRef = A09497B2204C5FE4003BFA3F /* Realm.framework */; };
		A09497B5204C5FE4003BFA3F /* RealmSwift.framework in Frameworks */ = {isa = PBXBuildFile; fileRef = A09497B3204C5FE4003BFA3F /* RealmSwift.framework */; };
		A09497B6204C5FED003BFA3F /* Realm.framework in Frameworks */ = {isa = PBXBuildFile; fileRef = A09497B2204C5FE4003BFA3F /* Realm.framework */; };
		A09497B7204C5FED003BFA3F /* Realm.framework in Embed Frameworks */ = {isa = PBXBuildFile; fileRef = A09497B2204C5FE4003BFA3F /* Realm.framework */; settings = {ATTRIBUTES = (CodeSignOnCopy, RemoveHeadersOnCopy, ); }; };
		A09497B8204C5FED003BFA3F /* RealmSwift.framework in Frameworks */ = {isa = PBXBuildFile; fileRef = A09497B3204C5FE4003BFA3F /* RealmSwift.framework */; };
		A09497B9204C5FED003BFA3F /* RealmSwift.framework in Embed Frameworks */ = {isa = PBXBuildFile; fileRef = A09497B3204C5FE4003BFA3F /* RealmSwift.framework */; settings = {ATTRIBUTES = (CodeSignOnCopy, RemoveHeadersOnCopy, ); }; };
		A0AC9C942042BB2100458A29 /* NewsArticle.swift in Sources */ = {isa = PBXBuildFile; fileRef = A0AC9C932042BB2100458A29 /* NewsArticle.swift */; };
		A0AC9C962042C50000458A29 /* NetworkServices.swift in Sources */ = {isa = PBXBuildFile; fileRef = A0AC9C952042C50000458A29 /* NetworkServices.swift */; };
		A0AC9C98204321D900458A29 /* JSONHandler.swift in Sources */ = {isa = PBXBuildFile; fileRef = A0AC9C97204321D900458A29 /* JSONHandler.swift */; };
		A0AC9C9A2043268500458A29 /* NewsArticlesRealmCreator.swift in Sources */ = {isa = PBXBuildFile; fileRef = A0AC9C992043268500458A29 /* NewsArticlesRealmCreator.swift */; };
		A0BE64F5203E9E9400D0F75F /* JSONFile.swift in Sources */ = {isa = PBXBuildFile; fileRef = A0BE64F4203E9E9400D0F75F /* JSONFile.swift */; };
		A0E16DE7203F0954003A1FF3 /* RealmNewsArticle.swift in Sources */ = {isa = PBXBuildFile; fileRef = A0E16DE6203F0954003A1FF3 /* RealmNewsArticle.swift */; };
/* End PBXBuildFile section */

/* Begin PBXCopyFilesBuildPhase section */
		A0AC9C922042B67600458A29 /* Embed Frameworks */ = {
			isa = PBXCopyFilesBuildPhase;
			buildActionMask = 2147483647;
			dstPath = "";
			dstSubfolderSpec = 10;
			files = (
				A09497B9204C5FED003BFA3F /* RealmSwift.framework in Embed Frameworks */,
				A09497B7204C5FED003BFA3F /* Realm.framework in Embed Frameworks */,
			);
			name = "Embed Frameworks";
			runOnlyForDeploymentPostprocessing = 0;
		};
/* End PBXCopyFilesBuildPhase section */

/* Begin PBXFileReference section */
		A00915EC20403FED00EF7BC6 /* NewsArticleDetailsViewController.swift */ = {isa = PBXFileReference; lastKnownFileType = sourcecode.swift; path = NewsArticleDetailsViewController.swift; sourceTree = "<group>"; };
		A04ED197203E62AE008540FD /* iOSExercise.app */ = {isa = PBXFileReference; explicitFileType = wrapper.application; includeInIndex = 0; path = iOSExercise.app; sourceTree = BUILT_PRODUCTS_DIR; };
		A04ED19A203E62AE008540FD /* AppDelegate.swift */ = {isa = PBXFileReference; lastKnownFileType = sourcecode.swift; path = AppDelegate.swift; sourceTree = "<group>"; };
		A04ED19C203E62AE008540FD /* ViewController.swift */ = {isa = PBXFileReference; lastKnownFileType = sourcecode.swift; path = ViewController.swift; sourceTree = "<group>"; };
		A04ED19F203E62AE008540FD /* Base */ = {isa = PBXFileReference; lastKnownFileType = file.storyboard; name = Base; path = Base.lproj/Main.storyboard; sourceTree = "<group>"; };
		A04ED1A1203E62AE008540FD /* Assets.xcassets */ = {isa = PBXFileReference; lastKnownFileType = folder.assetcatalog; path = Assets.xcassets; sourceTree = "<group>"; };
		A04ED1A4203E62AE008540FD /* Base */ = {isa = PBXFileReference; lastKnownFileType = file.storyboard; name = Base; path = Base.lproj/LaunchScreen.storyboard; sourceTree = "<group>"; };
		A04ED1A6203E62AE008540FD /* Info.plist */ = {isa = PBXFileReference; lastKnownFileType = text.plist.xml; path = Info.plist; sourceTree = "<group>"; };
		A060A61320440A4200BD756C /* NewsArticleCell.swift */ = {isa = PBXFileReference; lastKnownFileType = sourcecode.swift; path = NewsArticleCell.swift; sourceTree = "<group>"; };
		A060A61520444B7E00BD756C /* CustomImageView.swift */ = {isa = PBXFileReference; lastKnownFileType = sourcecode.swift; path = CustomImageView.swift; sourceTree = "<group>"; };
		A09497B2204C5FE4003BFA3F /* Realm.framework */ = {isa = PBXFileReference; lastKnownFileType = wrapper.framework; path = Realm.framework; sourceTree = "<group>"; };
		A09497B3204C5FE4003BFA3F /* RealmSwift.framework */ = {isa = PBXFileReference; lastKnownFileType = wrapper.framework; path = RealmSwift.framework; sourceTree = "<group>"; };
		A0AC9C932042BB2100458A29 /* NewsArticle.swift */ = {isa = PBXFileReference; lastKnownFileType = sourcecode.swift; path = NewsArticle.swift; sourceTree = "<group>"; };
		A0AC9C952042C50000458A29 /* NetworkServices.swift */ = {isa = PBXFileReference; lastKnownFileType = sourcecode.swift; path = NetworkServices.swift; sourceTree = "<group>"; };
		A0AC9C97204321D900458A29 /* JSONHandler.swift */ = {isa = PBXFileReference; lastKnownFileType = sourcecode.swift; path = JSONHandler.swift; sourceTree = "<group>"; };
		A0AC9C992043268500458A29 /* NewsArticlesRealmCreator.swift */ = {isa = PBXFileReference; lastKnownFileType = sourcecode.swift; path = NewsArticlesRealmCreator.swift; sourceTree = "<group>"; };
		A0BE64F4203E9E9400D0F75F /* JSONFile.swift */ = {isa = PBXFileReference; lastKnownFileType = sourcecode.swift; path = JSONFile.swift; sourceTree = "<group>"; };
		A0E16DE6203F0954003A1FF3 /* RealmNewsArticle.swift */ = {isa = PBXFileReference; lastKnownFileType = sourcecode.swift; path = RealmNewsArticle.swift; sourceTree = "<group>"; };
/* End PBXFileReference section */

/* Begin PBXFrameworksBuildPhase section */
		A04ED194203E62AE008540FD /* Frameworks */ = {
			isa = PBXFrameworksBuildPhase;
			buildActionMask = 2147483647;
			files = (
				A09497B6204C5FED003BFA3F /* Realm.framework in Frameworks */,
				A09497B5204C5FE4003BFA3F /* RealmSwift.framework in Frameworks */,
				A09497B8204C5FED003BFA3F /* RealmSwift.framework in Frameworks */,
				A09497B4204C5FE4003BFA3F /* Realm.framework in Frameworks */,
			);
			runOnlyForDeploymentPostprocessing = 0;
		};
/* End PBXFrameworksBuildPhase section */

/* Begin PBXGroup section */
		A01BDA082042B4E400A00F6F /* Services */ = {
			isa = PBXGroup;
			children = (
				A09497B2204C5FE4003BFA3F /* Realm.framework */,
				A09497B3204C5FE4003BFA3F /* RealmSwift.framework */,
				A04ED1A1203E62AE008540FD /* Assets.xcassets */,
				A0AC9C952042C50000458A29 /* NetworkServices.swift */,
			);
			path = Services;
			sourceTree = "<group>";
		};
		A04ED18E203E62AE008540FD = {
			isa = PBXGroup;
			children = (
				A04ED199203E62AE008540FD /* iOSExercise */,
				A04ED198203E62AE008540FD /* Products */,
			);
			sourceTree = "<group>";
		};
		A04ED198203E62AE008540FD /* Products */ = {
			isa = PBXGroup;
			children = (
				A04ED197203E62AE008540FD /* iOSExercise.app */,
			);
			name = Products;
			sourceTree = "<group>";
		};
		A04ED199203E62AE008540FD /* iOSExercise */ = {
			isa = PBXGroup;
			children = (
				A0A3F50C2042357000F51D11 /* Models */,
				A0A3F50D2042357D00F51D11 /* Views */,
				A0A3F50E2042358800F51D11 /* Controllers */,
				A01BDA082042B4E400A00F6F /* Services */,
				A04ED1A6203E62AE008540FD /* Info.plist */,
			);
			path = iOSExercise;
			sourceTree = "<group>";
		};
		A0A3F50C2042357000F51D11 /* Models */ = {
			isa = PBXGroup;
			children = (
				A0BE64F4203E9E9400D0F75F /* JSONFile.swift */,
				A0AC9C932042BB2100458A29 /* NewsArticle.swift */,
				A0E16DE6203F0954003A1FF3 /* RealmNewsArticle.swift */,
			);
			path = Models;
			sourceTree = "<group>";
		};
		A0A3F50D2042357D00F51D11 /* Views */ = {
			isa = PBXGroup;
			children = (
				A060A61520444B7E00BD756C /* CustomImageView.swift */,
				A04ED1A3203E62AE008540FD /* LaunchScreen.storyboard */,
				A04ED19E203E62AE008540FD /* Main.storyboard */,
				A060A61320440A4200BD756C /* NewsArticleCell.swift */,
			);
			path = Views;
			sourceTree = "<group>";
		};
		A0A3F50E2042358800F51D11 /* Controllers */ = {
			isa = PBXGroup;
			children = (
				A04ED19A203E62AE008540FD /* AppDelegate.swift */,
				A0AC9C97204321D900458A29 /* JSONHandler.swift */,
				A00915EC20403FED00EF7BC6 /* NewsArticleDetailsViewController.swift */,
				A0AC9C992043268500458A29 /* NewsArticlesRealmCreator.swift */,
				A04ED19C203E62AE008540FD /* ViewController.swift */,
			);
			path = Controllers;
			sourceTree = "<group>";
		};
/* End PBXGroup section */

/* Begin PBXNativeTarget section */
		A04ED196203E62AE008540FD /* iOSExercise */ = {
			isa = PBXNativeTarget;
			buildConfigurationList = A04ED1A9203E62AE008540FD /* Build configuration list for PBXNativeTarget "iOSExercise" */;
			buildPhases = (
				A04ED193203E62AE008540FD /* Sources */,
				A04ED194203E62AE008540FD /* Frameworks */,
				A04ED195203E62AE008540FD /* Resources */,
				A0E16DE5203F0646003A1FF3 /* ShellScript */,
				A0AC9C922042B67600458A29 /* Embed Frameworks */,
			);
			buildRules = (
			);
			dependencies = (
			);
			name = iOSExercise;
			productName = iOSExercise;
			productReference = A04ED197203E62AE008540FD /* iOSExercise.app */;
			productType = "com.apple.product-type.application";
		};
/* End PBXNativeTarget section */

/* Begin PBXProject section */
		A04ED18F203E62AE008540FD /* Project object */ = {
			isa = PBXProject;
			attributes = {
				LastSwiftUpdateCheck = 0920;
				LastUpgradeCheck = 0920;
				ORGANIZATIONNAME = "Aseel Bahaziq";
				TargetAttributes = {
					A04ED196203E62AE008540FD = {
						CreatedOnToolsVersion = 9.2;
						ProvisioningStyle = Manual;
					};
				};
			};
			buildConfigurationList = A04ED192203E62AE008540FD /* Build configuration list for PBXProject "iOSExercise" */;
			compatibilityVersion = "Xcode 8.0";
			developmentRegion = en;
			hasScannedForEncodings = 0;
			knownRegions = (
				en,
				Base,
			);
			mainGroup = A04ED18E203E62AE008540FD;
			productRefGroup = A04ED198203E62AE008540FD /* Products */;
			projectDirPath = "";
			projectRoot = "";
			targets = (
				A04ED196203E62AE008540FD /* iOSExercise */,
			);
		};
/* End PBXProject section */

/* Begin PBXResourcesBuildPhase section */
		A04ED195203E62AE008540FD /* Resources */ = {
			isa = PBXResourcesBuildPhase;
			buildActionMask = 2147483647;
			files = (
				A04ED1A5203E62AE008540FD /* LaunchScreen.storyboard in Resources */,
				A04ED1A2203E62AE008540FD /* Assets.xcassets in Resources */,
				A04ED1A0203E62AE008540FD /* Main.storyboard in Resources */,
			);
			runOnlyForDeploymentPostprocessing = 0;
		};
/* End PBXResourcesBuildPhase section */

/* Begin PBXShellScriptBuildPhase section */
		A0E16DE5203F0646003A1FF3 /* ShellScript */ = {
			isa = PBXShellScriptBuildPhase;
			buildActionMask = 2147483647;
			files = (
			);
			inputPaths = (
			);
			outputPaths = (
			);
			runOnlyForDeploymentPostprocessing = 0;
			shellPath = /bin/sh;
			shellScript = "";
		};
/* End PBXShellScriptBuildPhase section */

/* Begin PBXSourcesBuildPhase section */
		A04ED193203E62AE008540FD /* Sources */ = {
			isa = PBXSourcesBuildPhase;
			buildActionMask = 2147483647;
			files = (
				A0E16DE7203F0954003A1FF3 /* RealmNewsArticle.swift in Sources */,
				A0AC9C942042BB2100458A29 /* NewsArticle.swift in Sources */,
				A00915ED20403FED00EF7BC6 /* NewsArticleDetailsViewController.swift in Sources */,
				A060A61620444B7E00BD756C /* CustomImageView.swift in Sources */,
				A04ED19D203E62AE008540FD /* ViewController.swift in Sources */,
				A0AC9C98204321D900458A29 /* JSONHandler.swift in Sources */,
				A0AC9C962042C50000458A29 /* NetworkServices.swift in Sources */,
				A0BE64F5203E9E9400D0F75F /* JSONFile.swift in Sources */,
				A060A61420440A4200BD756C /* NewsArticleCell.swift in Sources */,
				A0AC9C9A2043268500458A29 /* NewsArticlesRealmCreator.swift in Sources */,
				A04ED19B203E62AE008540FD /* AppDelegate.swift in Sources */,
			);
			runOnlyForDeploymentPostprocessing = 0;
		};
/* End PBXSourcesBuildPhase section */

/* Begin PBXVariantGroup section */
		A04ED19E203E62AE008540FD /* Main.storyboard */ = {
			isa = PBXVariantGroup;
			children = (
				A04ED19F203E62AE008540FD /* Base */,
			);
			name = Main.storyboard;
			sourceTree = "<group>";
		};
		A04ED1A3203E62AE008540FD /* LaunchScreen.storyboard */ = {
			isa = PBXVariantGroup;
			children = (
				A04ED1A4203E62AE008540FD /* Base */,
			);
			name = LaunchScreen.storyboard;
			sourceTree = "<group>";
		};
/* End PBXVariantGroup section */

/* Begin XCBuildConfiguration section */
		A04ED1A7203E62AE008540FD /* Debug */ = {
			isa = XCBuildConfiguration;
			buildSettings = {
				ALWAYS_SEARCH_USER_PATHS = NO;
				CLANG_ANALYZER_NONNULL = YES;
				CLANG_ANALYZER_NUMBER_OBJECT_CONVERSION = YES_AGGRESSIVE;
				CLANG_CXX_LANGUAGE_STANDARD = "gnu++14";
				CLANG_CXX_LIBRARY = "libc++";
				CLANG_ENABLE_MODULES = YES;
				CLANG_ENABLE_OBJC_ARC = YES;
				CLANG_WARN_BLOCK_CAPTURE_AUTORELEASING = YES;
				CLANG_WARN_BOOL_CONVERSION = YES;
				CLANG_WARN_COMMA = YES;
				CLANG_WARN_CONSTANT_CONVERSION = YES;
				CLANG_WARN_DIRECT_OBJC_ISA_USAGE = YES_ERROR;
				CLANG_WARN_DOCUMENTATION_COMMENTS = YES;
				CLANG_WARN_EMPTY_BODY = YES;
				CLANG_WARN_ENUM_CONVERSION = YES;
				CLANG_WARN_INFINITE_RECURSION = YES;
				CLANG_WARN_INT_CONVERSION = YES;
				CLANG_WARN_NON_LITERAL_NULL_CONVERSION = YES;
				CLANG_WARN_OBJC_LITERAL_CONVERSION = YES;
				CLANG_WARN_OBJC_ROOT_CLASS = YES_ERROR;
				CLANG_WARN_RANGE_LOOP_ANALYSIS = YES;
				CLANG_WARN_STRICT_PROTOTYPES = YES;
				CLANG_WARN_SUSPICIOUS_MOVE = YES;
				CLANG_WARN_UNGUARDED_AVAILABILITY = YES_AGGRESSIVE;
				CLANG_WARN_UNREACHABLE_CODE = YES;
				CLANG_WARN__DUPLICATE_METHOD_MATCH = YES;
				CODE_SIGN_IDENTITY = "iPhone Developer";
				COPY_PHASE_STRIP = NO;
				DEBUG_INFORMATION_FORMAT = dwarf;
				ENABLE_STRICT_OBJC_MSGSEND = YES;
				ENABLE_TESTABILITY = YES;
				GCC_C_LANGUAGE_STANDARD = gnu11;
				GCC_DYNAMIC_NO_PIC = NO;
				GCC_NO_COMMON_BLOCKS = YES;
				GCC_OPTIMIZATION_LEVEL = 0;
				GCC_PREPROCESSOR_DEFINITIONS = (
					"DEBUG=1",
					"$(inherited)",
				);
				GCC_WARN_64_TO_32_BIT_CONVERSION = YES;
				GCC_WARN_ABOUT_RETURN_TYPE = YES_ERROR;
				GCC_WARN_UNDECLARED_SELECTOR = YES;
				GCC_WARN_UNINITIALIZED_AUTOS = YES_AGGRESSIVE;
				GCC_WARN_UNUSED_FUNCTION = YES;
				GCC_WARN_UNUSED_VARIABLE = YES;
				IPHONEOS_DEPLOYMENT_TARGET = 11.2;
				MTL_ENABLE_DEBUG_INFO = YES;
				ONLY_ACTIVE_ARCH = YES;
				SDKROOT = iphoneos;
				SWIFT_ACTIVE_COMPILATION_CONDITIONS = DEBUG;
				SWIFT_OPTIMIZATION_LEVEL = "-Onone";
			};
			name = Debug;
		};
		A04ED1A8203E62AE008540FD /* Release */ = {
			isa = XCBuildConfiguration;
			buildSettings = {
				ALWAYS_SEARCH_USER_PATHS = NO;
				CLANG_ANALYZER_NONNULL = YES;
				CLANG_ANALYZER_NUMBER_OBJECT_CONVERSION = YES_AGGRESSIVE;
				CLANG_CXX_LANGUAGE_STANDARD = "gnu++14";
				CLANG_CXX_LIBRARY = "libc++";
				CLANG_ENABLE_MODULES = YES;
				CLANG_ENABLE_OBJC_ARC = YES;
				CLANG_WARN_BLOCK_CAPTURE_AUTORELEASING = YES;
				CLANG_WARN_BOOL_CONVERSION = YES;
				CLANG_WARN_COMMA = YES;
				CLANG_WARN_CONSTANT_CONVERSION = YES;
				CLANG_WARN_DIRECT_OBJC_ISA_USAGE = YES_ERROR;
				CLANG_WARN_DOCUMENTATION_COMMENTS = YES;
				CLANG_WARN_EMPTY_BODY = YES;
				CLANG_WARN_ENUM_CONVERSION = YES;
				CLANG_WARN_INFINITE_RECURSION = YES;
				CLANG_WARN_INT_CONVERSION = YES;
				CLANG_WARN_NON_LITERAL_NULL_CONVERSION = YES;
				CLANG_WARN_OBJC_LITERAL_CONVERSION = YES;
				CLANG_WARN_OBJC_ROOT_CLASS = YES_ERROR;
				CLANG_WARN_RANGE_LOOP_ANALYSIS = YES;
				CLANG_WARN_STRICT_PROTOTYPES = YES;
				CLANG_WARN_SUSPICIOUS_MOVE = YES;
				CLANG_WARN_UNGUARDED_AVAILABILITY = YES_AGGRESSIVE;
				CLANG_WARN_UNREACHABLE_CODE = YES;
				CLANG_WARN__DUPLICATE_METHOD_MATCH = YES;
				CODE_SIGN_IDENTITY = "iPhone Developer";
				COPY_PHASE_STRIP = NO;
				DEBUG_INFORMATION_FORMAT = "dwarf-with-dsym";
				ENABLE_NS_ASSERTIONS = NO;
				ENABLE_STRICT_OBJC_MSGSEND = YES;
				GCC_C_LANGUAGE_STANDARD = gnu11;
				GCC_NO_COMMON_BLOCKS = YES;
				GCC_WARN_64_TO_32_BIT_CONVERSION = YES;
				GCC_WARN_ABOUT_RETURN_TYPE = YES_ERROR;
				GCC_WARN_UNDECLARED_SELECTOR = YES;
				GCC_WARN_UNINITIALIZED_AUTOS = YES_AGGRESSIVE;
				GCC_WARN_UNUSED_FUNCTION = YES;
				GCC_WARN_UNUSED_VARIABLE = YES;
				IPHONEOS_DEPLOYMENT_TARGET = 11.2;
				MTL_ENABLE_DEBUG_INFO = NO;
				SDKROOT = iphoneos;
				SWIFT_OPTIMIZATION_LEVEL = "-Owholemodule";
				VALIDATE_PRODUCT = YES;
			};
			name = Release;
		};
		A04ED1AA203E62AE008540FD /* Debug */ = {
			isa = XCBuildConfiguration;
			buildSettings = {
				ASSETCATALOG_COMPILER_APPICON_NAME = AppIcon;
				CODE_SIGN_STYLE = Manual;
				DEVELOPMENT_TEAM = "";
				FRAMEWORK_SEARCH_PATHS = (
					"$(inherited)",
					"$(PROJECT_DIR)/iOSExercise",
					"$(PROJECT_DIR)/iOSExercise/Services",
				);
				INFOPLIST_FILE = iOSExercise/Info.plist;
				LD_RUNPATH_SEARCH_PATHS = "$(inherited) @executable_path/Frameworks";
				PRODUCT_BUNDLE_IDENTIFIER = com.whatever.iOSExercise;
				PRODUCT_NAME = "$(TARGET_NAME)";
				PROVISIONING_PROFILE_SPECIFIER = "";
				SWIFT_VERSION = 4.0;
				TARGETED_DEVICE_FAMILY = "1,2";
			};
			name = Debug;
		};
		A04ED1AB203E62AE008540FD /* Release */ = {
			isa = XCBuildConfiguration;
			buildSettings = {
				ASSETCATALOG_COMPILER_APPICON_NAME = AppIcon;
				CODE_SIGN_STYLE = Manual;
				DEVELOPMENT_TEAM = "";
				FRAMEWORK_SEARCH_PATHS = (
					"$(inherited)",
					"$(PROJECT_DIR)/iOSExercise",
					"$(PROJECT_DIR)/iOSExercise/Services",
				);
				INFOPLIST_FILE = iOSExercise/Info.plist;
				LD_RUNPATH_SEARCH_PATHS = "$(inherited) @executable_path/Frameworks";
				PRODUCT_BUNDLE_IDENTIFIER = com.whatever.iOSExercise;
				PRODUCT_NAME = "$(TARGET_NAME)";
				PROVISIONING_PROFILE_SPECIFIER = "";
				SWIFT_VERSION = 4.0;
				TARGETED_DEVICE_FAMILY = "1,2";
			};
			name = Release;
		};
/* End XCBuildConfiguration section */

/* Begin XCConfigurationList section */
		A04ED192203E62AE008540FD /* Build configuration list for PBXProject "iOSExercise" */ = {
			isa = XCConfigurationList;
			buildConfigurations = (
				A04ED1A7203E62AE008540FD /* Debug */,
				A04ED1A8203E62AE008540FD /* Release */,
			);
			defaultConfigurationIsVisible = 0;
			defaultConfigurationName = Release;
		};
		A04ED1A9203E62AE008540FD /* Build configuration list for PBXNativeTarget "iOSExercise" */ = {
			isa = XCConfigurationList;
			buildConfigurations = (
				A04ED1AA203E62AE008540FD /* Debug */,
				A04ED1AB203E62AE008540FD /* Release */,
			);
			defaultConfigurationIsVisible = 0;
			defaultConfigurationName = Release;
		};
/* End XCConfigurationList section */
	};
	rootObject = A04ED18F203E62AE008540FD /* Project object */;
}
